
Microsoft Visual Studio Solution File, Format Version 12.00
# Visual Studio Version 16
VisualStudioVersion = 16.0.809.10
MinimumVisualStudioVersion = 10.0.40219.1
Project("{FAE04EC0-301F-11D3-BF4B-00C04F79EFBC}") = "PracticeMVC", "PracticeMVC\PracticeMVC.csproj", "{8F721592-9C6D-41C7-92C4-6382F8750CAF}"
EndProject
Global
	GlobalSection(SolutionConfigurationPlatforms) = preSolution
		Debug|Any CPU = Debug|Any CPU
		Release|Any CPU = Release|Any CPU
	EndGlobalSection
	GlobalSection(ProjectConfigurationPlatforms) = postSolution
		{8F721592-9C6D-41C7-92C4-6382F8750CAF}.Debug|Any CPU.ActiveCfg = Debug|Any CPU
		{8F721592-9C6D-41C7-92C4-6382F8750CAF}.Debug|Any CPU.Build.0 = Debug|Any CPU
		{8F721592-9C6D-41C7-92C4-6382F8750CAF}.Release|Any CPU.ActiveCfg = Release|Any CPU
		{8F721592-9C6D-41C7-92C4-6382F8750CAF}.Release|Any CPU.Build.0 = Release|Any CPU
	EndGlobalSection
	GlobalSection(SolutionProperties) = preSolution
		HideSolutionNode = FALSE
	EndGlobalSection
	GlobalSection(ExtensibilityGlobals) = postSolution
		SolutionGuid = {946B6F24-3DDC-411A-8973-D12C8F5AC211}
	EndGlobalSection
EndGlobal
